
Microsoft Visual Studio Solution File, Format Version 12.00
# Visual Studio 14
VisualStudioVersion = 14.0.25420.1
MinimumVisualStudioVersion = 10.0.40219.1
Project("{FAE04EC0-301F-11D3-BF4B-00C04F79EFBC}") = "TP2 - EJ1", "TrabajosPracticos\TP2 - EJ1.csproj", "{77EB47DD-392C-4015-8879-4BF5007A3813}"
EndProject
Project("{FAE04EC0-301F-11D3-BF4B-00C04F79EFBC}") = "TP2 - EJ2", "TP2 - EJ2\TP2 - EJ2.csproj", "{3583264E-A407-44B5-A989-736306558CC9}"
EndProject
Project("{FAE04EC0-301F-11D3-BF4B-00C04F79EFBC}") = "TP4 - EJ1", "TP4 - EJ1\TP4 - EJ1.csproj", "{13807E83-4E3C-48C2-A98B-C94F5F4696D2}"
EndProject
Project("{FAE04EC0-301F-11D3-BF4B-00C04F79EFBC}") = "TP4 - EJ2", "TP4 - EJ2\TP4 - EJ2.csproj", "{1C147595-6FD0-449F-BD08-6245C9B69D95}"
EndProject
Global
	GlobalSection(SolutionConfigurationPlatforms) = preSolution
		Debug|Any CPU = Debug|Any CPU
		Release|Any CPU = Release|Any CPU
	EndGlobalSection
	GlobalSection(ProjectConfigurationPlatforms) = postSolution
		{77EB47DD-392C-4015-8879-4BF5007A3813}.Debug|Any CPU.ActiveCfg = Debug|Any CPU
		{77EB47DD-392C-4015-8879-4BF5007A3813}.Debug|Any CPU.Build.0 = Debug|Any CPU
		{77EB47DD-392C-4015-8879-4BF5007A3813}.Release|Any CPU.ActiveCfg = Release|Any CPU
		{77EB47DD-392C-4015-8879-4BF5007A3813}.Release|Any CPU.Build.0 = Release|Any CPU
		{3583264E-A407-44B5-A989-736306558CC9}.Debug|Any CPU.ActiveCfg = Debug|Any CPU
		{3583264E-A407-44B5-A989-736306558CC9}.Debug|Any CPU.Build.0 = Debug|Any CPU
		{3583264E-A407-44B5-A989-736306558CC9}.Release|Any CPU.ActiveCfg = Release|Any CPU
		{3583264E-A407-44B5-A989-736306558CC9}.Release|Any CPU.Build.0 = Release|Any CPU
		{13807E83-4E3C-48C2-A98B-C94F5F4696D2}.Debug|Any CPU.ActiveCfg = Debug|Any CPU
		{13807E83-4E3C-48C2-A98B-C94F5F4696D2}.Debug|Any CPU.Build.0 = Debug|Any CPU
		{13807E83-4E3C-48C2-A98B-C94F5F4696D2}.Release|Any CPU.ActiveCfg = Release|Any CPU
		{13807E83-4E3C-48C2-A98B-C94F5F4696D2}.Release|Any CPU.Build.0 = Release|Any CPU
		{1C147595-6FD0-449F-BD08-6245C9B69D95}.Debug|Any CPU.ActiveCfg = Debug|Any CPU
		{1C147595-6FD0-449F-BD08-6245C9B69D95}.Debug|Any CPU.Build.0 = Debug|Any CPU
		{1C147595-6FD0-449F-BD08-6245C9B69D95}.Release|Any CPU.ActiveCfg = Release|Any CPU
		{1C147595-6FD0-449F-BD08-6245C9B69D95}.Release|Any CPU.Build.0 = Release|Any CPU
	EndGlobalSection
	GlobalSection(SolutionProperties) = preSolution
		HideSolutionNode = FALSE
	EndGlobalSection
EndGlobal
